
Microsoft Visual Studio Solution File, Format Version 12.00
# Visual Studio 15
VisualStudioVersion = 15.0.28307.271
MinimumVisualStudioVersion = 10.0.40219.1
Project("{FAE04EC0-301F-11D3-BF4B-00C04F79EFBC}") = "GestionRH", "GestionRH\GestionRH.csproj", "{B83F8284-A5F1-4B7E-85AD-064D3112A928}"
EndProject
Global
	GlobalSection(SolutionConfigurationPlatforms) = preSolution
		Debug|Any CPU = Debug|Any CPU
		Release|Any CPU = Release|Any CPU
	EndGlobalSection
	GlobalSection(ProjectConfigurationPlatforms) = postSolution
		{B83F8284-A5F1-4B7E-85AD-064D3112A928}.Debug|Any CPU.ActiveCfg = Debug|Any CPU
		{B83F8284-A5F1-4B7E-85AD-064D3112A928}.Debug|Any CPU.Build.0 = Debug|Any CPU
		{B83F8284-A5F1-4B7E-85AD-064D3112A928}.Release|Any CPU.ActiveCfg = Release|Any CPU
		{B83F8284-A5F1-4B7E-85AD-064D3112A928}.Release|Any CPU.Build.0 = Release|Any CPU
	EndGlobalSection
	GlobalSection(SolutionProperties) = preSolution
		HideSolutionNode = FALSE
	EndGlobalSection
	GlobalSection(ExtensibilityGlobals) = postSolution
		SolutionGuid = {F9909CF0-8A68-40CA-B99F-D6FD240582CE}
	EndGlobalSection
EndGlobal
